[[package]]
name = "nats-py"
version = "2.0.0rc3"
description = "NATS client for Python"
category = "main"
optional = false
python-versions = "*"

[package.extras]
nkeys = ["nkeys"]

[[package]]
name = "python-http-client"
version = "3.3.4"
description = "HTTP REST client, simplified for Python"
category = "main"
optional = false
python-versions = ">=2.7, !=3.0.*, !=3.1.*, !=3.2.*, !=3.3.*"

[[package]]
name = "sendgrid"
version = "6.9.2"
description = "Twilio SendGrid library for Python"
category = "main"
optional = false
python-versions = ">=2.7, !=3.0.*, !=3.1.*, !=3.2.*, !=3.3.*, !=3.4.*"

[package.dependencies]
python-http-client = ">=3.2.1"
starkbank-ecdsa = ">=2.0.1"

[[package]]
name = "starkbank-ecdsa"
version = "2.0.3"
description = "A lightweight and fast pure python ECDSA library"
category = "main"
optional = false
python-versions = "*"

[[package]]
name = "ujson"
version = "4.3.0"
description = "Ultra fast JSON encoder and decoder for Python"
category = "main"
optional = false
python-versions = ">=3.6"

[metadata]
lock-version = "1.1"
python-versions = "^3.9"
content-hash = "811a2649039e1a29d14d7e11bc56fb8a0cc9846818100e5fbfeb0dafb2b43ade"

[metadata.files]
nats-py = [
    {file = "nats-py-2.0.0rc3.tar.gz", hash = "sha256:46a576b123788517ca0b6782a8df1d684ce18d0fab813a8b94aa5dabd6df1f91"},
]
python-http-client = [
    {file = "python_http_client-3.3.4-py3-none-any.whl", hash = "sha256:742169c42033ee81e22958dcf9e2c6f2b196028d72f87563eecdb28324d82528"},
    {file = "python_http_client-3.3.4.tar.gz", hash = "sha256:723d0d6f03d4865cc8d08172aef15837a1eb9d8d8a719a08107e4680d0876e41"},
]
sendgrid = [
    {file = "sendgrid-6.9.2-py3-none-any.whl", hash = "sha256:0adea6e0e5baf3652c1228614cc172914936eebc793e271b35b22b24c9cb097b"},
    {file = "sendgrid-6.9.2.tar.gz", hash = "sha256:afd1c8da686d9f40a7e43300b919cfdd32b59ac113c1a3beac64fc51a0623f1e"},
]
starkbank-ecdsa = [
    {file = "starkbank-ecdsa-2.0.3.tar.gz", hash = "sha256:73b62b1b3de54bbaa05dedb1a2d951c033432bb074de899e19d4a96a36b21df6"},
]
ujson = [
    {file = "ujson-4.3.0-cp310-cp310-macosx_10_14_x86_64.whl", hash = "sha256:3609e0514f6f721c6c9818b9374ec91b994e59fb193af2f924ca3f2f32009f1c"},
    {file = "ujson-4.3.0-cp310-cp310-manylinux_2_17_aarch64.manylinux2014_aarch64.whl", hash = "sha256:de42986e2602b6a0baca452ff50e9cbe66faf256761295d5d07ae3f6757b487d"},
    {file = "ujson-4.3.0-cp310-cp310-manylinux_2_17_x86_64.manylinux2014_x86_64.whl", hash = "sha256:843fd8b3246b2b20bbae48b2334d26507c9531b2b014533adfc6132e3ec8e60c"},
    {file = "ujson-4.3.0-cp310-cp310-manylinux_2_5_i686.manylinux1_i686.manylinux_2_17_i686.manylinux2014_i686.whl", hash = "sha256:5d1083a0dcb39b43cfcd948f09e480c23eb4af66d7d08f6b36951f4c629c3bd1"},
    {file = "ujson-4.3.0-cp310-cp310-musllinux_1_1_aarch64.whl", hash = "sha256:01d12df8eb25afb939a003284b5b5adca9788c1176c445641e5980fa892562ac"},
    {file = "ujson-4.3.0-cp310-cp310-musllinux_1_1_x86_64.whl", hash = "sha256:b0b9cde57eebaac26de040f8ebf0541e06fe9bcf7e42872dc036d2ced7d99ccf"},
    {file = "ujson-4.3.0-cp310-cp310-win32.whl", hash = "sha256:3d8eaab72ad8129c12ed90ebf310230bd014b6bbf99145ebf2bc890238e0254f"},
    {file = "ujson-4.3.0-cp310-cp310-win_amd64.whl", hash = "sha256:85f28c38952b8a94183ab15ec6c6e89c117d00ceeae5d754ef1a33e01e28b845"},
    {file = "ujson-4.3.0-cp36-cp36m-macosx_10_14_x86_64.whl", hash = "sha256:8a0d9dde58937976cd06cd776411b77b0e5d38db0a3c1be28ee8bb428ff5a42b"},
    {file = "ujson-4.3.0-cp36-cp36m-manylinux_2_17_aarch64.manylinux2014_aarch64.whl", hash = "sha256:9f4a34386785a33600ac7442fec34c3d8b2d7e5309cfc94bc7c9ba93f12640c2"},
    {file = "ujson-4.3.0-cp36-cp36m-manylinux_2_17_x86_64.manylinux2014_x86_64.whl", hash = "sha256:d8e2a52fbeee55db306b9306892f5cde7e78c56069c1212abf176d1886fff60a"},
    {file = "ujson-4.3.0-cp36-cp36m-manylinux_2_5_i686.manylinux1_i686.manylinux_2_17_i686.manylinux2014_i686.whl", hash = "sha256:9c5330692122b999997911252466a7d17e4e428d7d9a8db0b99ba81b8b9c010c"},
    {file = "ujson-4.3.0-cp36-cp36m-musllinux_1_1_aarch64.whl", hash = "sha256:9baa160ba1d3f712a356e77718251c9d9eee43ed548debdcc9d75b06a75b3e82"},
    {file = "ujson-4.3.0-cp36-cp36m-musllinux_1_1_x86_64.whl", hash = "sha256:a6c32356145d95a0403b5895d60c36798a48af13b8863e43ad7457a0361afad0"},
    {file = "ujson-4.3.0-cp36-cp36m-win32.whl", hash = "sha256:b72fadeea5727204674c9f77166da7feaafdf70f1ed50bb15bf321f7c39c7194"},
    {file = "ujson-4.3.0-cp36-cp36m-win_amd64.whl", hash = "sha256:1601354caaab0697a9b24815a31611ad013d29cf957d545fc1cd59835b82e3c1"},
    {file = "ujson-4.3.0-cp37-cp37m-macosx_10_14_x86_64.whl", hash = "sha256:b80a35bad8fad1772f992bae8086b0cde788cd3b37f35d0d4506c93e6edad645"},
    {file = "ujson-4.3.0-cp37-cp37m-manylinux_2_17_aarch64.manylinux2014_aarch64.whl", hash = "sha256:7a318df321d7adc3de876b29640cca8de1ad4d4e4fe7c4a76d64d9d6f1676304"},
    {file = "ujson-4.3.0-cp37-cp37m-manylinux_2_17_x86_64.manylinux2014_x86_64.whl", hash = "sha256:fc9a508efb829bf0542be9b2578d8da08f0ab1fa712e086ebb777d6ec9e6d8d2"},
    {file = "ujson-4.3.0-cp37-cp37m-manylinux_2_5_i686.manylinux1_i686.manylinux_2_17_i686.manylinux2014_i686.whl", hash = "sha256:43d2403451d7bd27b6a600f89d4bd2cf6e1b3494254509d8b5ef3c8e94ae4d8e"},
    {file = "ujson-4.3.0-cp37-cp37m-musllinux_1_1_aarch64.whl", hash = "sha256:fd0901db652a58f46550074596227dbddb7a02d2de744d3cd2358101f78037bb"},
    {file = "ujson-4.3.0-cp37-cp37m-musllinux_1_1_x86_64.whl", hash = "sha256:00fd67952b1a8a46cf5b0a51b3838187332d13d2e8d178423c5a5405c21d9e7c"},
    {file = "ujson-4.3.0-cp37-cp37m-win32.whl", hash = "sha256:b0e9510e867c72a87db2d16377c2bef912f29afd8381d1fdae332b9b7f697efa"},
    {file = "ujson-4.3.0-cp37-cp37m-win_amd64.whl", hash = "sha256:294e907f134fb5d83e0a4439cf4040d74da77157938b4db5730cd174621dcf8b"},
    {file = "ujson-4.3.0-cp38-cp38-macosx_10_14_x86_64.whl", hash = "sha256:087cd977f4f63f885a49607244e7e157801a22aadcc075a262d3c3633138573c"},
    {file = "ujson-4.3.0-cp38-cp38-manylinux_2_17_aarch64.manylinux2014_aarch64.whl", hash = "sha256:4f35dcf6d2a67e913a7135809006bd000d55ad5b5834b5dbe5b82dcf8db1ac05"},
    {file = "ujson-4.3.0-cp38-cp38-manylinux_2_17_x86_64.manylinux2014_x86_64.whl", hash = "sha256:f158fdb08e022f2f16f0fba317a80558b0cebc7e2c84ae783e5f75616d5c90d5"},
    {file = "ujson-4.3.0-cp38-cp38-manylinux_2_5_i686.manylinux1_i686.manylinux_2_17_i686.manylinux2014_i686.whl", hash = "sha256:2a06006dad34c8cfaa734bd6458452e46702b368da53b56e7732351082aa0420"},
    {file = "ujson-4.3.0-cp38-cp38-musllinux_1_1_aarch64.whl", hash = "sha256:6df94e675b05ecf4e7a57883a73b916ffcb5872d7b1298ac5cef8ac1cbce73c6"},
    {file = "ujson-4.3.0-cp38-cp38-musllinux_1_1_x86_64.whl", hash = "sha256:47af81df5d575e36d4be9396db94f35c8f62de3077a405f9af94f9756255cef5"},
    {file = "ujson-4.3.0-cp38-cp38-win32.whl", hash = "sha256:e46c1462761db518fae51ab0d89a6256aeac148a795f7244d9084c459b477af5"},
    {file = "ujson-4.3.0-cp38-cp38-win_amd64.whl", hash = "sha256:bf199015910fcfa19b6e12881abeb462498791b2ab0111ff8b17095d0477e9d4"},
    {file = "ujson-4.3.0-cp39-cp39-macosx_10_14_x86_64.whl", hash = "sha256:32ee97ec37af31b35ca4395732d883bf74fb70309d38485f7fb9a5cc3332c53e"},
    {file = "ujson-4.3.0-cp39-cp39-manylinux_2_17_aarch64.manylinux2014_aarch64.whl", hash = "sha256:1f211c7c0c9377cbf4650aa990118d0c2cce3c5fad476c39ecd35b6714ba4463"},
    {file = "ujson-4.3.0-cp39-cp39-manylinux_2_17_x86_64.manylinux2014_x86_64.whl", hash = "sha256:0c81159d3f1bcb5729ba019e63e78ee6c91b556e1ac0e67c7579768720fd3c4e"},
    {file = "ujson-4.3.0-cp39-cp39-manylinux_2_5_i686.manylinux1_i686.manylinux_2_17_i686.manylinux2014_i686.whl", hash = "sha256:b850029d64008e970cae04ada69aa33e1cd412106a1efde221269c1cda1b40cc"},
    {file = "ujson-4.3.0-cp39-cp39-musllinux_1_1_aarch64.whl", hash = "sha256:327ec982bb89abe779fe463e1013c47aae6ed53b76600af7cb1e8b8cb0ee9f85"},
    {file = "ujson-4.3.0-cp39-cp39-musllinux_1_1_x86_64.whl", hash = "sha256:103cbabe4e6fd70c957219519e37d65be612d7c74d91ef19022a2c8f8c5e4e82"},
    {file = "ujson-4.3.0-cp39-cp39-win32.whl", hash = "sha256:7b0a63865ec2978ebafb0906bf982eb52bea26fc98e2ae5e59b9d204afe2d762"},
    {file = "ujson-4.3.0-cp39-cp39-win_amd64.whl", hash = "sha256:18040475d997d93a6851d8bee474fba2ec94869e8f826dddd66cdae4aa3fdb92"},
    {file = "ujson-4.3.0-pp37-pypy37_pp73-manylinux_2_17_aarch64.manylinux2014_aarch64.whl", hash = "sha256:df481d4e13ca34d870d1fdf387742867edff3f78a1eea1bbcd72ea2fa68d9a6e"},
    {file = "ujson-4.3.0-pp37-pypy37_pp73-manylinux_2_17_x86_64.manylinux2014_x86_64.whl", hash = "sha256:e7e73ec5ba1b42c2027773f69b70eff28df132907aa98b28166c39d3ea45e85b"},
    {file = "ujson-4.3.0-pp37-pypy37_pp73-manylinux_2_5_i686.manylinux1_i686.manylinux_2_17_i686.manylinux2014_i686.whl", hash = "sha256:b270088e472f1d65a0a0aab3190010b9ac1a5b2969d39bf2b53c0fbf339bc87a"},
    {file = "ujson-4.3.0.tar.gz", hash = "sha256:baee56eca35cb5fbe02c28bd9c0936be41a96fa5c0812d9d4b7edeb5c3d568a0"},
]
